
Microsoft Visual Studio Solution File, Format Version 12.00
# Visual Studio Version 16
VisualStudioVersion = 16.0.29709.97
MinimumVisualStudioVersion = 10.0.40219.1
Project("{FAE04EC0-301F-11D3-BF4B-00C04F79EFBC}") = "Ws.Financeiro.API", "Ws.Financeiro.API\Ws.Financeiro.API.csproj", "{C376D51F-8F96-4089-BCB5-F8CC35E5900C}"
EndProject
Project("{FAE04EC0-301F-11D3-BF4B-00C04F79EFBC}") = "Ws.Financeiro.Domain", "Ws.Financeiro.Domain\Ws.Financeiro.Domain.csproj", "{658E6013-F1B5-4FB8-A2F5-19BF3D1ABC5D}"
EndProject
Project("{FAE04EC0-301F-11D3-BF4B-00C04F79EFBC}") = "Ws.Financeiro.Infra", "Ws.Financeiro.Infra\Ws.Financeiro.Infra.csproj", "{9DC17940-B246-4115-849B-5E8926C40D38}"
EndProject
Global
	GlobalSection(SolutionConfigurationPlatforms) = preSolution
		Debug|Any CPU = Debug|Any CPU
		Release|Any CPU = Release|Any CPU
	EndGlobalSection
	GlobalSection(ProjectConfigurationPlatforms) = postSolution
		{C376D51F-8F96-4089-BCB5-F8CC35E5900C}.Debug|Any CPU.ActiveCfg = Debug|Any CPU
		{C376D51F-8F96-4089-BCB5-F8CC35E5900C}.Debug|Any CPU.Build.0 = Debug|Any CPU
		{C376D51F-8F96-4089-BCB5-F8CC35E5900C}.Release|Any CPU.ActiveCfg = Release|Any CPU
		{C376D51F-8F96-4089-BCB5-F8CC35E5900C}.Release|Any CPU.Build.0 = Release|Any CPU
		{658E6013-F1B5-4FB8-A2F5-19BF3D1ABC5D}.Debug|Any CPU.ActiveCfg = Debug|Any CPU
		{658E6013-F1B5-4FB8-A2F5-19BF3D1ABC5D}.Debug|Any CPU.Build.0 = Debug|Any CPU
		{658E6013-F1B5-4FB8-A2F5-19BF3D1ABC5D}.Release|Any CPU.ActiveCfg = Release|Any CPU
		{658E6013-F1B5-4FB8-A2F5-19BF3D1ABC5D}.Release|Any CPU.Build.0 = Release|Any CPU
		{9DC17940-B246-4115-849B-5E8926C40D38}.Debug|Any CPU.ActiveCfg = Debug|Any CPU
		{9DC17940-B246-4115-849B-5E8926C40D38}.Debug|Any CPU.Build.0 = Debug|Any CPU
		{9DC17940-B246-4115-849B-5E8926C40D38}.Release|Any CPU.ActiveCfg = Release|Any CPU
		{9DC17940-B246-4115-849B-5E8926C40D38}.Release|Any CPU.Build.0 = Release|Any CPU
	EndGlobalSection
	GlobalSection(SolutionProperties) = preSolution
		HideSolutionNode = FALSE
	EndGlobalSection
	GlobalSection(ExtensibilityGlobals) = postSolution
		SolutionGuid = {88B4FCC0-38D5-4F8E-B3F3-DFF60B7C6519}
	EndGlobalSection
EndGlobal
